<Solution>
  <Folder Name="/src/">
    <Project Path="src/Arca.Core/Arca.Core.fsproj" />
    <Project Path="src/Arca.GitHub/Arca.GitHub.fsproj" />
  </Folder>
  <Folder Name="/verification/">
    <Project Path="verification/browser/Arca.Browser.Engine/Arca.Browser.Engine.fsproj" />
  </Folder>
  <Folder Name="/tests/">
    <Project Path="tests/Arca.Tests/Arca.Tests.fsproj" />
  </Folder>
</Solution>
